// !$*UTF8*$!
{
	archiveVersion = 1;
	classes = {
	};
	objectVersion = 77;
	objects = {

/* Begin PBXBuildFile section */
		01EAB7B78BCCB8318238F708 /* InsightRow.swift in Sources */ = {isa = PBXBuildFile; fileRef = A2FDE102115D20F563BCC069 /* InsightRow.swift */; };
		03A0D5901A67B96E1724BF80 /* HomeViewModel.swift in Sources */ = {isa = PBXBuildFile; fileRef = 0E892EB6B9142CBC1648509B /* HomeViewModel.swift */; };
		03A3A12C12774A8E63A33522 /* FilterChip.swift in Sources */ = {isa = PBXBuildFile; fileRef = A4895A4D1A0C8B20AFC20700 /* FilterChip.swift */; };
		07D569B79201D1B9D6AF4336 /* ExpenseHomeView.swift in Sources */ = {isa = PBXBuildFile; fileRef = 62FFADE62C26B69E11512FFE /* ExpenseHomeView.swift */; };
		0EAC46681AC186E16CF5BC4F /* SmartInsightsGrid.swift in Sources */ = {isa = PBXBuildFile; fileRef = 4BB719F87C4D2CA88A923F34 /* SmartInsightsGrid.swift */; };
		10D29B076914906E94CF4F9F /* SettlementRow.swift in Sources */ = {isa = PBXBuildFile; fileRef = 538C393B5E6E4681186D5F82 /* SettlementRow.swift */; };
		1569B891D914D6F9126BD236 /* HomeCommandHeaderView.swift in Sources */ = {isa = PBXBuildFile; fileRef = 96FB63D987589E8A378887CE /* HomeCommandHeaderView.swift */; };
		176B0CABD99D998DFA1C2992 /* GatherApp.swift in Sources */ = {isa = PBXBuildFile; fileRef = 4CB69B6FB99BF4EAA214D3A8 /* GatherApp.swift */; };
		1922A46172295E160E35FC40 /* RestockItemRow.swift in Sources */ = {isa = PBXBuildFile; fileRef = 9C284CB6D39D8381C85630FC /* RestockItemRow.swift */; };
		1E8D26214C518129C2CE6546 /* Category.swift in Sources */ = {isa = PBXBuildFile; fileRef = 91B87A77BB3D86139ACDF1F4 /* Category.swift */; };
		231064B8CCABB7932088C2D0 /* PantryOverviewCards.swift in Sources */ = {isa = PBXBuildFile; fileRef = 34B36FA693B1513C3A1EE052 /* PantryOverviewCards.swift */; };
		28FD494C9F922D0DCC149E1D /* CheckoutConfirmationView.swift in Sources */ = {isa = PBXBuildFile; fileRef = BA28D1CACFA9D1750F074C4C /* CheckoutConfirmationView.swift */; };
		2B43529E60A61A3FE8F17126 /* PantryAnalysisService.swift in Sources */ = {isa = PBXBuildFile; fileRef = FFB8C920DB2EE5BE9AAACC4D /* PantryAnalysisService.swift */; };
		2E735A2729512B8C084FCEAA /* HeaderView.swift in Sources */ = {isa = PBXBuildFile; fileRef = BA9F9D163804E6BFA231D9DA /* HeaderView.swift */; };
		2FE3ED372BFBB004424AF0BB /* InviteCard.swift in Sources */ = {isa = PBXBuildFile; fileRef = DACD318B776858F55D49F5BE /* InviteCard.swift */; };
		3222940174A2D5BB4BEFF904 /* SplitCalculationService.swift in Sources */ = {isa = PBXBuildFile; fileRef = 1F691447B8112D29C264E22A /* SplitCalculationService.swift */; };
		3581364922DE471FD4AF45E2 /* TimelineRow.swift in Sources */ = {isa = PBXBuildFile; fileRef = 96E25F8C8F4F0D6150178434 /* TimelineRow.swift */; };
		35FE934DCD0D413341C5FF25 /* Product.swift in Sources */ = {isa = PBXBuildFile; fileRef = 5DF2080FE529AF9AD88F83B9 /* Product.swift */; };
		3766949A05E067B2D23F243E /* PromptBuilder.swift in Sources */ = {isa = PBXBuildFile; fileRef = 04492CC1B92CB78E495F7FC1 /* PromptBuilder.swift */; };
		3878D7B66FCB9EB8713E2B91 /* ExpenseCoordinator.swift in Sources */ = {isa = PBXBuildFile; fileRef = F239477079701B13600A93BB /* ExpenseCoordinator.swift */; };
		397B1C2AC9900E7CF3A7DDD4 /* PantryOverviewView.swift in Sources */ = {isa = PBXBuildFile; fileRef = 635CA95591B5CD92049305E1 /* PantryOverviewView.swift */; };
		3BDD89F86EEB54B393A00B0F /* RecipeSuggestionCard.swift in Sources */ = {isa = PBXBuildFile; fileRef = ACFBDE51F24438D1A10DD6DF /* RecipeSuggestionCard.swift */; };
		3F543DCA7EAC299198D51075 /* RecommendationsGrid.swift in Sources */ = {isa = PBXBuildFile; fileRef = 333495F651F0A5DE90F4EE50 /* RecommendationsGrid.swift */; };
		3F738D9978D6A4AC78F27A2B /* HealthZoneCard.swift in Sources */ = {isa = PBXBuildFile; fileRef = 9D7F5F2481A559A9D78F8023 /* HealthZoneCard.swift */; };
		408AED38DCB86E45F022C043 /* AIReasoningCardView.swift in Sources */ = {isa = PBXBuildFile; fileRef = 5996E7459623DBE35C3408B3 /* AIReasoningCardView.swift */; };
		44F72DCAFEC4392B083B4CB3 /* MockDataService.swift in Sources */ = {isa = PBXBuildFile; fileRef = 6558E8633E5F6D90975828D5 /* MockDataService.swift */; };
		456CDBBE137C5E11B2A43F0A /* PlanningAnimationView.swift in Sources */ = {isa = PBXBuildFile; fileRef = 89348685E37E6D70245A8706 /* PlanningAnimationView.swift */; };
		4D7A310FD22343B2CCA4486E /* BannerCardView.swift in Sources */ = {isa = PBXBuildFile; fileRef = 6A5E619E35D8B2FA6932CD88 /* BannerCardView.swift */; };
		4E1DFE6EE86B3F0311DE6F84 /* SmartFridgeCoordinator.swift in Sources */ = {isa = PBXBuildFile; fileRef = 4E8FDF51428B9406529BA136 /* SmartFridgeCoordinator.swift */; };
		4F0CE8BEC9D07D1245D2D788 /* OccasionSelectionView.swift in Sources */ = {isa = PBXBuildFile; fileRef = 6247ECB09579CB7B4A9B255F /* OccasionSelectionView.swift */; };
		4F6ADDF8CA1E7B782052E927 /* ProfileHeaderView.swift in Sources */ = {isa = PBXBuildFile; fileRef = 4DA470B9B6F1635D47B6F8BD /* ProfileHeaderView.swift */; };
		50ABB874877D9E540A7436A9 /* Feature.swift in Sources */ = {isa = PBXBuildFile; fileRef = FC2239DD6A1F3BB3D115F947 /* Feature.swift */; };
		545346BE6A386E0C4A0561EB /* AnimatedReasoningView.swift in Sources */ = {isa = PBXBuildFile; fileRef = 06B03D142447CCFFB89F3821 /* AnimatedReasoningView.swift */; };
		5B4C9ABF7FBECA6FBBE28BD2 /* CategoryRowView.swift in Sources */ = {isa = PBXBuildFile; fileRef = BBB65B8388B49FDAD31B8ED7 /* CategoryRowView.swift */; };
		5FEEE204A4CEAC1767B1B630 /* EventDetailsView.swift in Sources */ = {isa = PBXBuildFile; fileRef = 1BD9B8C66A4C0008E52902B9 /* EventDetailsView.swift */; };
		5FF205A1988DDC402A8714AD /* ActivityFeedRow.swift in Sources */ = {isa = PBXBuildFile; fileRef = 76ED53118954B52E58E11F71 /* ActivityFeedRow.swift */; };
		60347493F1625414456413DC /* CreateGroupView.swift in Sources */ = {isa = PBXBuildFile; fileRef = 2BC087A6BED31CE91D65053D /* CreateGroupView.swift */; };
		61DF0F43695467980364AAA1 /* OccasionPlan.swift in Sources */ = {isa = PBXBuildFile; fileRef = F1A5A5C8A7071E6A0BFE9D15 /* OccasionPlan.swift */; };
		628E36F9E3DB64885E53B50D /* FoundationModelService.swift in Sources */ = {isa = PBXBuildFile; fileRef = 22E2A7FF56D2A96EE480BC2A /* FoundationModelService.swift */; };
		6A4C18045422D13111E5D575 /* PlanningViewModel.swift in Sources */ = {isa = PBXBuildFile; fileRef = C05F0601982A7CA04E0E1B24 /* PlanningViewModel.swift */; };
		6C4B0335CD78C537E7E8F0F7 /* ExpenseModels.swift in Sources */ = {isa = PBXBuildFile; fileRef = E8AD547CD208FB703FA8CD39 /* ExpenseModels.swift */; };
		6E34AF5BD1C9C5680E46706D /* StepperRow.swift in Sources */ = {isa = PBXBuildFile; fileRef = 2F85C69A2FCF6CB8CAD1C69C /* StepperRow.swift */; };
		74DE636E00C9F043E64498BF /* CheckoutSummaryView.swift in Sources */ = {isa = PBXBuildFile; fileRef = 9C43E80EC1AFF72A83399979 /* CheckoutSummaryView.swift */; };
		76DEE6EC058E1A1A22E01578 /* MyFamilyCard.swift in Sources */ = {isa = PBXBuildFile; fileRef = 3C64AF188E3747500F06A24D /* MyFamilyCard.swift */; };
		781B79591C3ACD33B931FA22 /* SharedShoppingRoomView.swift in Sources */ = {isa = PBXBuildFile; fileRef = 3204861000CB7D34AF376752 /* SharedShoppingRoomView.swift */; };
		7A106F6CC0FB1261078E7ABD /* HomeModels.swift in Sources */ = {isa = PBXBuildFile; fileRef = 9BB11A12B7852B2F3E8DDA68 /* HomeModels.swift */; };
		7BE5A0C1967E8776BD01DFDD /* AIPlanView.swift in Sources */ = {isa = PBXBuildFile; fileRef = 389E5D2807082E52767A4662 /* AIPlanView.swift */; };
		7F2A1BD64191FF8BFC26D275 /* AISplitAnalysisView.swift in Sources */ = {isa = PBXBuildFile; fileRef = A139C08F94D994AB120CEED5 /* AISplitAnalysisView.swift */; };
		8104D314E42DD243E1F2891C /* ProductCardView.swift in Sources */ = {isa = PBXBuildFile; fileRef = 491740EB7051778FDFFAB6A5 /* ProductCardView.swift */; };
		81EA334A685328FED00CCC14 /* OccasionWelcomeView.swift in Sources */ = {isa = PBXBuildFile; fileRef = AD9E026B6F3A8B652DBB76A5 /* OccasionWelcomeView.swift */; };
		82E0F63D548A7A67B21CA06D /* Typography.swift in Sources */ = {isa = PBXBuildFile; fileRef = FBB5474449B5F580E69A6D51 /* Typography.swift */; };
		890C6430759DE7F2255ECBB7 /* Color+Extensions.swift in Sources */ = {isa = PBXBuildFile; fileRef = 0C5C5DFB959B0130AE8EF2FD /* Color+Extensions.swift */; };
		894416494AD7AE5BD0D744EF /* PlaceholderViews.swift in Sources */ = {isa = PBXBuildFile; fileRef = 6848873126F67A24635147AD /* PlaceholderViews.swift */; };
		89FD53455437E5E29DC3ABEC /* JourneyResumeCard.swift in Sources */ = {isa = PBXBuildFile; fileRef = 3370364D4B414936C04A726B /* JourneyResumeCard.swift */; };
		8F24B89BC61E06AB53395E52 /* MemberAvatar.swift in Sources */ = {isa = PBXBuildFile; fileRef = 1EFAC97A32CD8C409F2A3D87 /* MemberAvatar.swift */; };
		9008271BC62E4D0712F8A29E /* ShoppingListRow.swift in Sources */ = {isa = PBXBuildFile; fileRef = 438A7C49DE84A243AEF5BE74 /* ShoppingListRow.swift */; };
		927094B8DD20AECA1767C1D0 /* FridgeModels.swift in Sources */ = {isa = PBXBuildFile; fileRef = AC3538092710C880E05E4D71 /* FridgeModels.swift */; };
		9552B344832B370F20D77440 /* SearchBarView.swift in Sources */ = {isa = PBXBuildFile; fileRef = 93D17BC863B5585D6D88791B /* SearchBarView.swift */; };
		9792D2581E719E61EFE83007 /* AIInsightCardView.swift in Sources */ = {isa = PBXBuildFile; fileRef = D264308283106E2557578B6F /* AIInsightCardView.swift */; };
		9E847D0F04A8E4D7CE3DDEA7 /* HomeView.swift in Sources */ = {isa = PBXBuildFile; fileRef = 17BC140926809D4132FE8FCF /* HomeView.swift */; };
		A3201EB76C4164CE152F6733 /* Occasion.swift in Sources */ = {isa = PBXBuildFile; fileRef = 24434474EFD3C6C10A363A24 /* Occasion.swift */; };
		A46B17903BDB8F3920FA6042 /* ProfileViewModel.swift in Sources */ = {isa = PBXBuildFile; fileRef = 821A808C75A0AA4AE30E6483 /* ProfileViewModel.swift */; };
		A581F59225CB1CBAC187D195 /* SettlementSummaryView.swift in Sources */ = {isa = PBXBuildFile; fileRef = 31A1E34E15DD0F0F8A592F41 /* SettlementSummaryView.swift */; };
		AACB4B3D4AE7F734DDA0B60A /* MainTabView.swift in Sources */ = {isa = PBXBuildFile; fileRef = 28FC14E733B23D2E946F53AC /* MainTabView.swift */; };
		AEB454179DD06C18699123C1 /* SmartSearchInputView.swift in Sources */ = {isa = PBXBuildFile; fileRef = 32A6E1718040EADFDE23BDCC /* SmartSearchInputView.swift */; };
		B028BBF7A73C487A67437A34 /* ExpenseViewModel.swift in Sources */ = {isa = PBXBuildFile; fileRef = 8BB4F6862B43DAEBF8A12CB2 /* ExpenseViewModel.swift */; };
		B5EC0C90AB9BB384B48B74D9 /* SettingsSection.swift in Sources */ = {isa = PBXBuildFile; fileRef = 98A8D88828E97D5C409ACB6C /* SettingsSection.swift */; };
		B94A6AB46A8907DF90BD0CA3 /* FeatureCardView.swift in Sources */ = {isa = PBXBuildFile; fileRef = 351ED8EA7C7F88E02074E936 /* FeatureCardView.swift */; };
		BB8B7512A1832E1E37BE5FFF /* QuickActionsRow.swift in Sources */ = {isa = PBXBuildFile; fileRef = 1DE63F440820C472ABE521F7 /* QuickActionsRow.swift */; };
		BDD5005EABBAE78BCA2FAC58 /* ProfileModels.swift in Sources */ = {isa = PBXBuildFile; fileRef = 28792BF9C371E8936B6A47CF /* ProfileModels.swift */; };
		C35B4CE5EA29F34EAE47957C /* TopDealCardView.swift in Sources */ = {isa = PBXBuildFile; fileRef = 812496FE08A85BACC0DFDAB5 /* TopDealCardView.swift */; };
		C3EAE6A431B7238FAE50D83B /* AIInsightsView.swift in Sources */ = {isa = PBXBuildFile; fileRef = 0C116999A7BA56AB5606025C /* AIInsightsView.swift */; };
		C5B0D08EDB6BE35D144C2BA6 /* OccasionTypeCard.swift in Sources */ = {isa = PBXBuildFile; fileRef = 8AF9440B5DB3DB747024178A /* OccasionTypeCard.swift */; };
		C638ED32958182CB5B8FFD12 /* OccasionPlannerCoordinator.swift in Sources */ = {isa = PBXBuildFile; fileRef = 2D2E198CB068CB0922035FEA /* OccasionPlannerCoordinator.swift */; };
		CD2228AEDF0203CCBF58C191 /* GatherDNACard.swift in Sources */ = {isa = PBXBuildFile; fileRef = ACAAE39E6577405CC8EB2684 /* GatherDNACard.swift */; };
		DC5E8F9973115BB3DED4B72C /* CartSummaryView.swift in Sources */ = {isa = PBXBuildFile; fileRef = 9513F2A51AFE4E5256A2A150 /* CartSummaryView.swift */; };
		DF83513BBC8D970621340F85 /* ProfileView.swift in Sources */ = {isa = PBXBuildFile; fileRef = 7A9B299CECC27DD626D4D999 /* ProfileView.swift */; };
		E0F0CC873C39445588277267 /* SmartFridgeViewModel.swift in Sources */ = {isa = PBXBuildFile; fileRef = BC5DA176ABDFC34CDEEC0C88 /* SmartFridgeViewModel.swift */; };
		E10BF653D8CB047BACC2DD03 /* RestockDashboardView.swift in Sources */ = {isa = PBXBuildFile; fileRef = 67641411AA277966B401FAB3 /* RestockDashboardView.swift */; };
		E446BFBC73042605469FEDC8 /* SmartFridgeWelcomeView.swift in Sources */ = {isa = PBXBuildFile; fileRef = 8DE3EB3179366CD794A1EA9E /* SmartFridgeWelcomeView.swift */; };
/* End PBXBuildFile section */

/* Begin PBXFileReference section */
		04492CC1B92CB78E495F7FC1 /* PromptBuilder.swift */ = {isa = PBXFileReference; lastKnownFileType = sourcecode.swift; path = PromptBuilder.swift; sourceTree = "<group>"; };
		06B03D142447CCFFB89F3821 /* AnimatedReasoningView.swift */ = {isa = PBXFileReference; lastKnownFileType = sourcecode.swift; path = AnimatedReasoningView.swift; sourceTree = "<group>"; };
		0C116999A7BA56AB5606025C /* AIInsightsView.swift */ = {isa = PBXFileReference; lastKnownFileType = sourcecode.swift; path = AIInsightsView.swift; sourceTree = "<group>"; };
		0C30D092DB4F757F84F4E850 /* Gather.app */ = {isa = PBXFileReference; includeInIndex = 0; lastKnownFileType = wrapper.application; path = Gather.app; sourceTree = BUILT_PRODUCTS_DIR; };
		0C5C5DFB959B0130AE8EF2FD /* Color+Extensions.swift */ = {isa = PBXFileReference; lastKnownFileType = sourcecode.swift; path = "Color+Extensions.swift"; sourceTree = "<group>"; };
		0E892EB6B9142CBC1648509B /* HomeViewModel.swift */ = {isa = PBXFileReference; lastKnownFileType = sourcecode.swift; path = HomeViewModel.swift; sourceTree = "<group>"; };
		17BC140926809D4132FE8FCF /* HomeView.swift */ = {isa = PBXFileReference; lastKnownFileType = sourcecode.swift; path = HomeView.swift; sourceTree = "<group>"; };
		1BD9B8C66A4C0008E52902B9 /* EventDetailsView.swift */ = {isa = PBXFileReference; lastKnownFileType = sourcecode.swift; path = EventDetailsView.swift; sourceTree = "<group>"; };
		1DE63F440820C472ABE521F7 /* QuickActionsRow.swift */ = {isa = PBXFileReference; lastKnownFileType = sourcecode.swift; path = QuickActionsRow.swift; sourceTree = "<group>"; };
		1EFAC97A32CD8C409F2A3D87 /* MemberAvatar.swift */ = {isa = PBXFileReference; lastKnownFileType = sourcecode.swift; path = MemberAvatar.swift; sourceTree = "<group>"; };
		1F691447B8112D29C264E22A /* SplitCalculationService.swift */ = {isa = PBXFileReference; lastKnownFileType = sourcecode.swift; path = SplitCalculationService.swift; sourceTree = "<group>"; };
		22E2A7FF56D2A96EE480BC2A /* FoundationModelService.swift */ = {isa = PBXFileReference; lastKnownFileType = sourcecode.swift; path = FoundationModelService.swift; sourceTree = "<group>"; };
		24434474EFD3C6C10A363A24 /* Occasion.swift */ = {isa = PBXFileReference; lastKnownFileType = sourcecode.swift; path = Occasion.swift; sourceTree = "<group>"; };
		28792BF9C371E8936B6A47CF /* ProfileModels.swift */ = {isa = PBXFileReference; lastKnownFileType = sourcecode.swift; path = ProfileModels.swift; sourceTree = "<group>"; };
		28FC14E733B23D2E946F53AC /* MainTabView.swift */ = {isa = PBXFileReference; lastKnownFileType = sourcecode.swift; path = MainTabView.swift; sourceTree = "<group>"; };
		2BC087A6BED31CE91D65053D /* CreateGroupView.swift */ = {isa = PBXFileReference; lastKnownFileType = sourcecode.swift; path = CreateGroupView.swift; sourceTree = "<group>"; };
		2D2E198CB068CB0922035FEA /* OccasionPlannerCoordinator.swift */ = {isa = PBXFileReference; lastKnownFileType = sourcecode.swift; path = OccasionPlannerCoordinator.swift; sourceTree = "<group>"; };
		2F85C69A2FCF6CB8CAD1C69C /* StepperRow.swift */ = {isa = PBXFileReference; lastKnownFileType = sourcecode.swift; path = StepperRow.swift; sourceTree = "<group>"; };
		31A1E34E15DD0F0F8A592F41 /* SettlementSummaryView.swift */ = {isa = PBXFileReference; lastKnownFileType = sourcecode.swift; path = SettlementSummaryView.swift; sourceTree = "<group>"; };
		3204861000CB7D34AF376752 /* SharedShoppingRoomView.swift */ = {isa = PBXFileReference; lastKnownFileType = sourcecode.swift; path = SharedShoppingRoomView.swift; sourceTree = "<group>"; };
		32A6E1718040EADFDE23BDCC /* SmartSearchInputView.swift */ = {isa = PBXFileReference; lastKnownFileType = sourcecode.swift; path = SmartSearchInputView.swift; sourceTree = "<group>"; };
		333495F651F0A5DE90F4EE50 /* RecommendationsGrid.swift */ = {isa = PBXFileReference; lastKnownFileType = sourcecode.swift; path = RecommendationsGrid.swift; sourceTree = "<group>"; };
		3370364D4B414936C04A726B /* JourneyResumeCard.swift */ = {isa = PBXFileReference; lastKnownFileType = sourcecode.swift; path = JourneyResumeCard.swift; sourceTree = "<group>"; };
		34B36FA693B1513C3A1EE052 /* PantryOverviewCards.swift */ = {isa = PBXFileReference; lastKnownFileType = sourcecode.swift; path = PantryOverviewCards.swift; sourceTree = "<group>"; };
		351ED8EA7C7F88E02074E936 /* FeatureCardView.swift */ = {isa = PBXFileReference; lastKnownFileType = sourcecode.swift; path = FeatureCardView.swift; sourceTree = "<group>"; };
		389E5D2807082E52767A4662 /* AIPlanView.swift */ = {isa = PBXFileReference; lastKnownFileType = sourcecode.swift; path = AIPlanView.swift; sourceTree = "<group>"; };
		3C64AF188E3747500F06A24D /* MyFamilyCard.swift */ = {isa = PBXFileReference; lastKnownFileType = sourcecode.swift; path = MyFamilyCard.swift; sourceTree = "<group>"; };
		438A7C49DE84A243AEF5BE74 /* ShoppingListRow.swift */ = {isa = PBXFileReference; lastKnownFileType = sourcecode.swift; path = ShoppingListRow.swift; sourceTree = "<group>"; };
		491740EB7051778FDFFAB6A5 /* ProductCardView.swift */ = {isa = PBXFileReference; lastKnownFileType = sourcecode.swift; path = ProductCardView.swift; sourceTree = "<group>"; };
		4BB719F87C4D2CA88A923F34 /* SmartInsightsGrid.swift */ = {isa = PBXFileReference; lastKnownFileType = sourcecode.swift; path = SmartInsightsGrid.swift; sourceTree = "<group>"; };
		4CB69B6FB99BF4EAA214D3A8 /* GatherApp.swift */ = {isa = PBXFileReference; lastKnownFileType = sourcecode.swift; path = GatherApp.swift; sourceTree = "<group>"; };
		4DA470B9B6F1635D47B6F8BD /* ProfileHeaderView.swift */ = {isa = PBXFileReference; lastKnownFileType = sourcecode.swift; path = ProfileHeaderView.swift; sourceTree = "<group>"; };
		4E8FDF51428B9406529BA136 /* SmartFridgeCoordinator.swift */ = {isa = PBXFileReference; lastKnownFileType = sourcecode.swift; path = SmartFridgeCoordinator.swift; sourceTree = "<group>"; };
		538C393B5E6E4681186D5F82 /* SettlementRow.swift */ = {isa = PBXFileReference; lastKnownFileType = sourcecode.swift; path = SettlementRow.swift; sourceTree = "<group>"; };
		5996E7459623DBE35C3408B3 /* AIReasoningCardView.swift */ = {isa = PBXFileReference; lastKnownFileType = sourcecode.swift; path = AIReasoningCardView.swift; sourceTree = "<group>"; };
		5DF2080FE529AF9AD88F83B9 /* Product.swift */ = {isa = PBXFileReference; lastKnownFileType = sourcecode.swift; path = Product.swift; sourceTree = "<group>"; };
		6247ECB09579CB7B4A9B255F /* OccasionSelectionView.swift */ = {isa = PBXFileReference; lastKnownFileType = sourcecode.swift; path = OccasionSelectionView.swift; sourceTree = "<group>"; };
		62FFADE62C26B69E11512FFE /* ExpenseHomeView.swift */ = {isa = PBXFileReference; lastKnownFileType = sourcecode.swift; path = ExpenseHomeView.swift; sourceTree = "<group>"; };
		635CA95591B5CD92049305E1 /* PantryOverviewView.swift */ = {isa = PBXFileReference; lastKnownFileType = sourcecode.swift; path = PantryOverviewView.swift; sourceTree = "<group>"; };
		6558E8633E5F6D90975828D5 /* MockDataService.swift */ = {isa = PBXFileReference; lastKnownFileType = sourcecode.swift; path = MockDataService.swift; sourceTree = "<group>"; };
		67641411AA277966B401FAB3 /* RestockDashboardView.swift */ = {isa = PBXFileReference; lastKnownFileType = sourcecode.swift; path = RestockDashboardView.swift; sourceTree = "<group>"; };
		6848873126F67A24635147AD /* PlaceholderViews.swift */ = {isa = PBXFileReference; lastKnownFileType = sourcecode.swift; path = PlaceholderViews.swift; sourceTree = "<group>"; };
		6A5E619E35D8B2FA6932CD88 /* BannerCardView.swift */ = {isa = PBXFileReference; lastKnownFileType = sourcecode.swift; path = BannerCardView.swift; sourceTree = "<group>"; };
		76ED53118954B52E58E11F71 /* ActivityFeedRow.swift */ = {isa = PBXFileReference; lastKnownFileType = sourcecode.swift; path = ActivityFeedRow.swift; sourceTree = "<group>"; };
		7A9B299CECC27DD626D4D999 /* ProfileView.swift */ = {isa = PBXFileReference; lastKnownFileType = sourcecode.swift; path = ProfileView.swift; sourceTree = "<group>"; };
		812496FE08A85BACC0DFDAB5 /* TopDealCardView.swift */ = {isa = PBXFileReference; lastKnownFileType = sourcecode.swift; path = TopDealCardView.swift; sourceTree = "<group>"; };
		821A808C75A0AA4AE30E6483 /* ProfileViewModel.swift */ = {isa = PBXFileReference; lastKnownFileType = sourcecode.swift; path = ProfileViewModel.swift; sourceTree = "<group>"; };
		89348685E37E6D70245A8706 /* PlanningAnimationView.swift */ = {isa = PBXFileReference; lastKnownFileType = sourcecode.swift; path = PlanningAnimationView.swift; sourceTree = "<group>"; };
		8AF9440B5DB3DB747024178A /* OccasionTypeCard.swift */ = {isa = PBXFileReference; lastKnownFileType = sourcecode.swift; path = OccasionTypeCard.swift; sourceTree = "<group>"; };
		8BB4F6862B43DAEBF8A12CB2 /* ExpenseViewModel.swift */ = {isa = PBXFileReference; lastKnownFileType = sourcecode.swift; path = ExpenseViewModel.swift; sourceTree = "<group>"; };
		8DE3EB3179366CD794A1EA9E /* SmartFridgeWelcomeView.swift */ = {isa = PBXFileReference; lastKnownFileType = sourcecode.swift; path = SmartFridgeWelcomeView.swift; sourceTree = "<group>"; };
		91B87A77BB3D86139ACDF1F4 /* Category.swift */ = {isa = PBXFileReference; lastKnownFileType = sourcecode.swift; path = Category.swift; sourceTree = "<group>"; };
		93D17BC863B5585D6D88791B /* SearchBarView.swift */ = {isa = PBXFileReference; lastKnownFileType = sourcecode.swift; path = SearchBarView.swift; sourceTree = "<group>"; };
		9513F2A51AFE4E5256A2A150 /* CartSummaryView.swift */ = {isa = PBXFileReference; lastKnownFileType = sourcecode.swift; path = CartSummaryView.swift; sourceTree = "<group>"; };
		96E25F8C8F4F0D6150178434 /* TimelineRow.swift */ = {isa = PBXFileReference; lastKnownFileType = sourcecode.swift; path = TimelineRow.swift; sourceTree = "<group>"; };
		96FB63D987589E8A378887CE /* HomeCommandHeaderView.swift */ = {isa = PBXFileReference; lastKnownFileType = sourcecode.swift; path = HomeCommandHeaderView.swift; sourceTree = "<group>"; };
		98A8D88828E97D5C409ACB6C /* SettingsSection.swift */ = {isa = PBXFileReference; lastKnownFileType = sourcecode.swift; path = SettingsSection.swift; sourceTree = "<group>"; };
		9BB11A12B7852B2F3E8DDA68 /* HomeModels.swift */ = {isa = PBXFileReference; lastKnownFileType = sourcecode.swift; path = HomeModels.swift; sourceTree = "<group>"; };
		9C284CB6D39D8381C85630FC /* RestockItemRow.swift */ = {isa = PBXFileReference; lastKnownFileType = sourcecode.swift; path = RestockItemRow.swift; sourceTree = "<group>"; };
		9C43E80EC1AFF72A83399979 /* CheckoutSummaryView.swift */ = {isa = PBXFileReference; lastKnownFileType = sourcecode.swift; path = CheckoutSummaryView.swift; sourceTree = "<group>"; };
		9D7F5F2481A559A9D78F8023 /* HealthZoneCard.swift */ = {isa = PBXFileReference; lastKnownFileType = sourcecode.swift; path = HealthZoneCard.swift; sourceTree = "<group>"; };
		A139C08F94D994AB120CEED5 /* AISplitAnalysisView.swift */ = {isa = PBXFileReference; lastKnownFileType = sourcecode.swift; path = AISplitAnalysisView.swift; sourceTree = "<group>"; };
		A2FDE102115D20F563BCC069 /* InsightRow.swift */ = {isa = PBXFileReference; lastKnownFileType = sourcecode.swift; path = InsightRow.swift; sourceTree = "<group>"; };
		A4895A4D1A0C8B20AFC20700 /* FilterChip.swift */ = {isa = PBXFileReference; lastKnownFileType = sourcecode.swift; path = FilterChip.swift; sourceTree = "<group>"; };
		AC3538092710C880E05E4D71 /* FridgeModels.swift */ = {isa = PBXFileReference; lastKnownFileType = sourcecode.swift; path = FridgeModels.swift; sourceTree = "<group>"; };
		ACAAE39E6577405CC8EB2684 /* GatherDNACard.swift */ = {isa = PBXFileReference; lastKnownFileType = sourcecode.swift; path = GatherDNACard.swift; sourceTree = "<group>"; };
		ACFBDE51F24438D1A10DD6DF /* RecipeSuggestionCard.swift */ = {isa = PBXFileReference; lastKnownFileType = sourcecode.swift; path = RecipeSuggestionCard.swift; sourceTree = "<group>"; };
		AD9E026B6F3A8B652DBB76A5 /* OccasionWelcomeView.swift */ = {isa = PBXFileReference; lastKnownFileType = sourcecode.swift; path = OccasionWelcomeView.swift; sourceTree = "<group>"; };
		BA28D1CACFA9D1750F074C4C /* CheckoutConfirmationView.swift */ = {isa = PBXFileReference; lastKnownFileType = sourcecode.swift; path = CheckoutConfirmationView.swift; sourceTree = "<group>"; };
		BA9F9D163804E6BFA231D9DA /* HeaderView.swift */ = {isa = PBXFileReference; lastKnownFileType = sourcecode.swift; path = HeaderView.swift; sourceTree = "<group>"; };
		BBB65B8388B49FDAD31B8ED7 /* CategoryRowView.swift */ = {isa = PBXFileReference; lastKnownFileType = sourcecode.swift; path = CategoryRowView.swift; sourceTree = "<group>"; };
		BC5DA176ABDFC34CDEEC0C88 /* SmartFridgeViewModel.swift */ = {isa = PBXFileReference; lastKnownFileType = sourcecode.swift; path = SmartFridgeViewModel.swift; sourceTree = "<group>"; };
		C05F0601982A7CA04E0E1B24 /* PlanningViewModel.swift */ = {isa = PBXFileReference; lastKnownFileType = sourcecode.swift; path = PlanningViewModel.swift; sourceTree = "<group>"; };
		D264308283106E2557578B6F /* AIInsightCardView.swift */ = {isa = PBXFileReference; lastKnownFileType = sourcecode.swift; path = AIInsightCardView.swift; sourceTree = "<group>"; };
		DACD318B776858F55D49F5BE /* InviteCard.swift */ = {isa = PBXFileReference; lastKnownFileType = sourcecode.swift; path = InviteCard.swift; sourceTree = "<group>"; };
		E8AD547CD208FB703FA8CD39 /* ExpenseModels.swift */ = {isa = PBXFileReference; lastKnownFileType = sourcecode.swift; path = ExpenseModels.swift; sourceTree = "<group>"; };
		F1A5A5C8A7071E6A0BFE9D15 /* OccasionPlan.swift */ = {isa = PBXFileReference; lastKnownFileType = sourcecode.swift; path = OccasionPlan.swift; sourceTree = "<group>"; };
		F239477079701B13600A93BB /* ExpenseCoordinator.swift */ = {isa = PBXFileReference; lastKnownFileType = sourcecode.swift; path = ExpenseCoordinator.swift; sourceTree = "<group>"; };
		FBB5474449B5F580E69A6D51 /* Typography.swift */ = {isa = PBXFileReference; lastKnownFileType = sourcecode.swift; path = Typography.swift; sourceTree = "<group>"; };
		FC2239DD6A1F3BB3D115F947 /* Feature.swift */ = {isa = PBXFileReference; lastKnownFileType = sourcecode.swift; path = Feature.swift; sourceTree = "<group>"; };
		FFB8C920DB2EE5BE9AAACC4D /* PantryAnalysisService.swift */ = {isa = PBXFileReference; lastKnownFileType = sourcecode.swift; path = PantryAnalysisService.swift; sourceTree = "<group>"; };
/* End PBXFileReference section */

/* Begin PBXGroup section */
		07F570797332DC65A8F96A11 /* Sources */ = {
			isa = PBXGroup;
			children = (
				71A82E02E5298A6200369F09 /* App */,
				50FD56FD6B231F878FACFF93 /* Components */,
				D5188257062452AFFADD7EE4 /* DesignSystem */,
				41C07696641CC25C3F7D4F37 /* Models */,
				9AD9B0BC7249BA00115CB8DF /* Services */,
				E818A43649867BDF2E1C9EB0 /* ViewModels */,
				CD1041F182949E6AE340EF90 /* Views */,
			);
			path = Sources;
			sourceTree = "<group>";
		};
		16AF4751338131807F969DF3 /* Profile */ = {
			isa = PBXGroup;
			children = (
				ACAAE39E6577405CC8EB2684 /* GatherDNACard.swift */,
				9D7F5F2481A559A9D78F8023 /* HealthZoneCard.swift */,
				3C64AF188E3747500F06A24D /* MyFamilyCard.swift */,
				4DA470B9B6F1635D47B6F8BD /* ProfileHeaderView.swift */,
				98A8D88828E97D5C409ACB6C /* SettingsSection.swift */,
				4BB719F87C4D2CA88A923F34 /* SmartInsightsGrid.swift */,
			);
			path = Profile;
			sourceTree = "<group>";
		};
		1A54A3026C72A5C82D2EB130 /* Expense */ = {
			isa = PBXGroup;
			children = (
				76ED53118954B52E58E11F71 /* ActivityFeedRow.swift */,
				DACD318B776858F55D49F5BE /* InviteCard.swift */,
				1EFAC97A32CD8C409F2A3D87 /* MemberAvatar.swift */,
				538C393B5E6E4681186D5F82 /* SettlementRow.swift */,
				438A7C49DE84A243AEF5BE74 /* ShoppingListRow.swift */,
			);
			path = Expense;
			sourceTree = "<group>";
		};
		41C07696641CC25C3F7D4F37 /* Models */ = {
			isa = PBXGroup;
			children = (
				91B87A77BB3D86139ACDF1F4 /* Category.swift */,
				E8AD547CD208FB703FA8CD39 /* ExpenseModels.swift */,
				FC2239DD6A1F3BB3D115F947 /* Feature.swift */,
				AC3538092710C880E05E4D71 /* FridgeModels.swift */,
				9BB11A12B7852B2F3E8DDA68 /* HomeModels.swift */,
				24434474EFD3C6C10A363A24 /* Occasion.swift */,
				F1A5A5C8A7071E6A0BFE9D15 /* OccasionPlan.swift */,
				5DF2080FE529AF9AD88F83B9 /* Product.swift */,
				28792BF9C371E8936B6A47CF /* ProfileModels.swift */,
			);
			path = Models;
			sourceTree = "<group>";
		};
		50FD56FD6B231F878FACFF93 /* Components */ = {
			isa = PBXGroup;
			children = (
				5996E7459623DBE35C3408B3 /* AIReasoningCardView.swift */,
				6A5E619E35D8B2FA6932CD88 /* BannerCardView.swift */,
				BBB65B8388B49FDAD31B8ED7 /* CategoryRowView.swift */,
				351ED8EA7C7F88E02074E936 /* FeatureCardView.swift */,
				A4895A4D1A0C8B20AFC20700 /* FilterChip.swift */,
				BA9F9D163804E6BFA231D9DA /* HeaderView.swift */,
				8AF9440B5DB3DB747024178A /* OccasionTypeCard.swift */,
				491740EB7051778FDFFAB6A5 /* ProductCardView.swift */,
				93D17BC863B5585D6D88791B /* SearchBarView.swift */,
				2F85C69A2FCF6CB8CAD1C69C /* StepperRow.swift */,
				96E25F8C8F4F0D6150178434 /* TimelineRow.swift */,
				812496FE08A85BACC0DFDAB5 /* TopDealCardView.swift */,
				1A54A3026C72A5C82D2EB130 /* Expense */,
				88EE321AA920236E8C0481DE /* Fridge */,
				7B0190A661AE1F82EE59C451 /* Home */,
				16AF4751338131807F969DF3 /* Profile */,
			);
			path = Components;
			sourceTree = "<group>";
		};
		6D193FDCF840EB83567F1DF7 /* Profile */ = {
			isa = PBXGroup;
			children = (
				7A9B299CECC27DD626D4D999 /* ProfileView.swift */,
			);
			path = Profile;
			sourceTree = "<group>";
		};
		71A82E02E5298A6200369F09 /* App */ = {
			isa = PBXGroup;
			children = (
				4CB69B6FB99BF4EAA214D3A8 /* GatherApp.swift */,
			);
			path = App;
			sourceTree = "<group>";
		};
		7B0190A661AE1F82EE59C451 /* Home */ = {
			isa = PBXGroup;
			children = (
				D264308283106E2557578B6F /* AIInsightCardView.swift */,
				96FB63D987589E8A378887CE /* HomeCommandHeaderView.swift */,
				3370364D4B414936C04A726B /* JourneyResumeCard.swift */,
				1DE63F440820C472ABE521F7 /* QuickActionsRow.swift */,
				333495F651F0A5DE90F4EE50 /* RecommendationsGrid.swift */,
				32A6E1718040EADFDE23BDCC /* SmartSearchInputView.swift */,
			);
			path = Home;
			sourceTree = "<group>";
		};
		834AB3E4A9E8A4B92DFC106B /* Expense */ = {
			isa = PBXGroup;
			children = (
				A139C08F94D994AB120CEED5 /* AISplitAnalysisView.swift */,
				2BC087A6BED31CE91D65053D /* CreateGroupView.swift */,
				F239477079701B13600A93BB /* ExpenseCoordinator.swift */,
				62FFADE62C26B69E11512FFE /* ExpenseHomeView.swift */,
				31A1E34E15DD0F0F8A592F41 /* SettlementSummaryView.swift */,
				3204861000CB7D34AF376752 /* SharedShoppingRoomView.swift */,
			);
			path = Expense;
			sourceTree = "<group>";
		};
		88EE321AA920236E8C0481DE /* Fridge */ = {
			isa = PBXGroup;
			children = (
				06B03D142447CCFFB89F3821 /* AnimatedReasoningView.swift */,
				A2FDE102115D20F563BCC069 /* InsightRow.swift */,
				34B36FA693B1513C3A1EE052 /* PantryOverviewCards.swift */,
				ACFBDE51F24438D1A10DD6DF /* RecipeSuggestionCard.swift */,
				9C284CB6D39D8381C85630FC /* RestockItemRow.swift */,
			);
			path = Fridge;
			sourceTree = "<group>";
		};
		8C032FB3C6FC3588D0B34824 = {
			isa = PBXGroup;
			children = (
				07F570797332DC65A8F96A11 /* Sources */,
				BF77B0F45417E2358E0AA7C7 /* Products */,
			);
			sourceTree = "<group>";
		};
		9AD9B0BC7249BA00115CB8DF /* Services */ = {
			isa = PBXGroup;
			children = (
				22E2A7FF56D2A96EE480BC2A /* FoundationModelService.swift */,
				6558E8633E5F6D90975828D5 /* MockDataService.swift */,
				FFB8C920DB2EE5BE9AAACC4D /* PantryAnalysisService.swift */,
				04492CC1B92CB78E495F7FC1 /* PromptBuilder.swift */,
				1F691447B8112D29C264E22A /* SplitCalculationService.swift */,
			);
			path = Services;
			sourceTree = "<group>";
		};
		BF4EBF599A8189C3FB380549 /* Fridge */ = {
			isa = PBXGroup;
			children = (
				0C116999A7BA56AB5606025C /* AIInsightsView.swift */,
				BA28D1CACFA9D1750F074C4C /* CheckoutConfirmationView.swift */,
				9C43E80EC1AFF72A83399979 /* CheckoutSummaryView.swift */,
				635CA95591B5CD92049305E1 /* PantryOverviewView.swift */,
				67641411AA277966B401FAB3 /* RestockDashboardView.swift */,
				4E8FDF51428B9406529BA136 /* SmartFridgeCoordinator.swift */,
				8DE3EB3179366CD794A1EA9E /* SmartFridgeWelcomeView.swift */,
			);
			path = Fridge;
			sourceTree = "<group>";
		};
		BF77B0F45417E2358E0AA7C7 /* Products */ = {
			isa = PBXGroup;
			children = (
				0C30D092DB4F757F84F4E850 /* Gather.app */,
			);
			name = Products;
			sourceTree = "<group>";
		};
		CD1041F182949E6AE340EF90 /* Views */ = {
			isa = PBXGroup;
			children = (
				389E5D2807082E52767A4662 /* AIPlanView.swift */,
				9513F2A51AFE4E5256A2A150 /* CartSummaryView.swift */,
				1BD9B8C66A4C0008E52902B9 /* EventDetailsView.swift */,
				17BC140926809D4132FE8FCF /* HomeView.swift */,
				28FC14E733B23D2E946F53AC /* MainTabView.swift */,
				2D2E198CB068CB0922035FEA /* OccasionPlannerCoordinator.swift */,
				6247ECB09579CB7B4A9B255F /* OccasionSelectionView.swift */,
				AD9E026B6F3A8B652DBB76A5 /* OccasionWelcomeView.swift */,
				6848873126F67A24635147AD /* PlaceholderViews.swift */,
				89348685E37E6D70245A8706 /* PlanningAnimationView.swift */,
				834AB3E4A9E8A4B92DFC106B /* Expense */,
				BF4EBF599A8189C3FB380549 /* Fridge */,
				6D193FDCF840EB83567F1DF7 /* Profile */,
			);
			path = Views;
			sourceTree = "<group>";
		};
		D5188257062452AFFADD7EE4 /* DesignSystem */ = {
			isa = PBXGroup;
			children = (
				0C5C5DFB959B0130AE8EF2FD /* Color+Extensions.swift */,
				FBB5474449B5F580E69A6D51 /* Typography.swift */,
			);
			path = DesignSystem;
			sourceTree = "<group>";
		};
		E818A43649867BDF2E1C9EB0 /* ViewModels */ = {
			isa = PBXGroup;
			children = (
				8BB4F6862B43DAEBF8A12CB2 /* ExpenseViewModel.swift */,
				0E892EB6B9142CBC1648509B /* HomeViewModel.swift */,
				C05F0601982A7CA04E0E1B24 /* PlanningViewModel.swift */,
				821A808C75A0AA4AE30E6483 /* ProfileViewModel.swift */,
				BC5DA176ABDFC34CDEEC0C88 /* SmartFridgeViewModel.swift */,
			);
			path = ViewModels;
			sourceTree = "<group>";
		};
		"TEMP_FF071E7B-83BD-4A04-AE03-B541C583D1E0" /* Resources */ = {
			isa = PBXGroup;
			children = (
			);
			path = Resources;
			sourceTree = "<group>";
		};
/* End PBXGroup section */

/* Begin PBXNativeTarget section */
		6022918118A1B800B69E1EA2 /* Gather */ = {
			isa = PBXNativeTarget;
			buildConfigurationList = BBC652582F1321CA4E7F09E5 /* Build configuration list for PBXNativeTarget "Gather" */;
			buildPhases = (
				695930259FCC0D994C8FBB96 /* Sources */,
			);
			buildRules = (
			);
			dependencies = (
			);
			name = Gather;
			packageProductDependencies = (
			);
			productName = Gather;
			productReference = 0C30D092DB4F757F84F4E850 /* Gather.app */;
			productType = "com.apple.product-type.application";
		};
/* End PBXNativeTarget section */

/* Begin PBXProject section */
		3E3A7A245B66BC067BBCEE67 /* Project object */ = {
			isa = PBXProject;
			attributes = {
				BuildIndependentTargetsInParallel = YES;
				LastUpgradeCheck = 1430;
			};
			buildConfigurationList = 56D5AE82541758160EA98F5E /* Build configuration list for PBXProject "Gather" */;
			compatibilityVersion = "Xcode 14.0";
			developmentRegion = en;
			hasScannedForEncodings = 0;
			knownRegions = (
				Base,
				en,
			);
			mainGroup = 8C032FB3C6FC3588D0B34824;
			minimizedProjectReferenceProxies = 1;
			preferredProjectObjectVersion = 77;
			projectDirPath = "";
			projectRoot = "";
			targets = (
				6022918118A1B800B69E1EA2 /* Gather */,
			);
		};
/* End PBXProject section */

/* Begin PBXSourcesBuildPhase section */
		695930259FCC0D994C8FBB96 /* Sources */ = {
			isa = PBXSourcesBuildPhase;
			buildActionMask = 2147483647;
			files = (
				9792D2581E719E61EFE83007 /* AIInsightCardView.swift in Sources */,
				C3EAE6A431B7238FAE50D83B /* AIInsightsView.swift in Sources */,
				7BE5A0C1967E8776BD01DFDD /* AIPlanView.swift in Sources */,
				408AED38DCB86E45F022C043 /* AIReasoningCardView.swift in Sources */,
				7F2A1BD64191FF8BFC26D275 /* AISplitAnalysisView.swift in Sources */,
				5FF205A1988DDC402A8714AD /* ActivityFeedRow.swift in Sources */,
				545346BE6A386E0C4A0561EB /* AnimatedReasoningView.swift in Sources */,
				4D7A310FD22343B2CCA4486E /* BannerCardView.swift in Sources */,
				DC5E8F9973115BB3DED4B72C /* CartSummaryView.swift in Sources */,
				1E8D26214C518129C2CE6546 /* Category.swift in Sources */,
				5B4C9ABF7FBECA6FBBE28BD2 /* CategoryRowView.swift in Sources */,
				28FD494C9F922D0DCC149E1D /* CheckoutConfirmationView.swift in Sources */,
				74DE636E00C9F043E64498BF /* CheckoutSummaryView.swift in Sources */,
				890C6430759DE7F2255ECBB7 /* Color+Extensions.swift in Sources */,
				60347493F1625414456413DC /* CreateGroupView.swift in Sources */,
				5FEEE204A4CEAC1767B1B630 /* EventDetailsView.swift in Sources */,
				3878D7B66FCB9EB8713E2B91 /* ExpenseCoordinator.swift in Sources */,
				07D569B79201D1B9D6AF4336 /* ExpenseHomeView.swift in Sources */,
				6C4B0335CD78C537E7E8F0F7 /* ExpenseModels.swift in Sources */,
				B028BBF7A73C487A67437A34 /* ExpenseViewModel.swift in Sources */,
				50ABB874877D9E540A7436A9 /* Feature.swift in Sources */,
				B94A6AB46A8907DF90BD0CA3 /* FeatureCardView.swift in Sources */,
				03A3A12C12774A8E63A33522 /* FilterChip.swift in Sources */,
				628E36F9E3DB64885E53B50D /* FoundationModelService.swift in Sources */,
				927094B8DD20AECA1767C1D0 /* FridgeModels.swift in Sources */,
				176B0CABD99D998DFA1C2992 /* GatherApp.swift in Sources */,
				CD2228AEDF0203CCBF58C191 /* GatherDNACard.swift in Sources */,
				2E735A2729512B8C084FCEAA /* HeaderView.swift in Sources */,
				3F738D9978D6A4AC78F27A2B /* HealthZoneCard.swift in Sources */,
				1569B891D914D6F9126BD236 /* HomeCommandHeaderView.swift in Sources */,
				7A106F6CC0FB1261078E7ABD /* HomeModels.swift in Sources */,
				9E847D0F04A8E4D7CE3DDEA7 /* HomeView.swift in Sources */,
				03A0D5901A67B96E1724BF80 /* HomeViewModel.swift in Sources */,
				01EAB7B78BCCB8318238F708 /* InsightRow.swift in Sources */,
				2FE3ED372BFBB004424AF0BB /* InviteCard.swift in Sources */,
				89FD53455437E5E29DC3ABEC /* JourneyResumeCard.swift in Sources */,
				AACB4B3D4AE7F734DDA0B60A /* MainTabView.swift in Sources */,
				8F24B89BC61E06AB53395E52 /* MemberAvatar.swift in Sources */,
				44F72DCAFEC4392B083B4CB3 /* MockDataService.swift in Sources */,
				76DEE6EC058E1A1A22E01578 /* MyFamilyCard.swift in Sources */,
				A3201EB76C4164CE152F6733 /* Occasion.swift in Sources */,
				61DF0F43695467980364AAA1 /* OccasionPlan.swift in Sources */,
				C638ED32958182CB5B8FFD12 /* OccasionPlannerCoordinator.swift in Sources */,
				4F0CE8BEC9D07D1245D2D788 /* OccasionSelectionView.swift in Sources */,
				C5B0D08EDB6BE35D144C2BA6 /* OccasionTypeCard.swift in Sources */,
				81EA334A685328FED00CCC14 /* OccasionWelcomeView.swift in Sources */,
				2B43529E60A61A3FE8F17126 /* PantryAnalysisService.swift in Sources */,
				231064B8CCABB7932088C2D0 /* PantryOverviewCards.swift in Sources */,
				397B1C2AC9900E7CF3A7DDD4 /* PantryOverviewView.swift in Sources */,
				894416494AD7AE5BD0D744EF /* PlaceholderViews.swift in Sources */,
				456CDBBE137C5E11B2A43F0A /* PlanningAnimationView.swift in Sources */,
				6A4C18045422D13111E5D575 /* PlanningViewModel.swift in Sources */,
				35FE934DCD0D413341C5FF25 /* Product.swift in Sources */,
				8104D314E42DD243E1F2891C /* ProductCardView.swift in Sources */,
				4F6ADDF8CA1E7B782052E927 /* ProfileHeaderView.swift in Sources */,
				BDD5005EABBAE78BCA2FAC58 /* ProfileModels.swift in Sources */,
				DF83513BBC8D970621340F85 /* ProfileView.swift in Sources */,
				A46B17903BDB8F3920FA6042 /* ProfileViewModel.swift in Sources */,
				3766949A05E067B2D23F243E /* PromptBuilder.swift in Sources */,
				BB8B7512A1832E1E37BE5FFF /* QuickActionsRow.swift in Sources */,
				3BDD89F86EEB54B393A00B0F /* RecipeSuggestionCard.swift in Sources */,
				3F543DCA7EAC299198D51075 /* RecommendationsGrid.swift in Sources */,
				E10BF653D8CB047BACC2DD03 /* RestockDashboardView.swift in Sources */,
				1922A46172295E160E35FC40 /* RestockItemRow.swift in Sources */,
				9552B344832B370F20D77440 /* SearchBarView.swift in Sources */,
				B5EC0C90AB9BB384B48B74D9 /* SettingsSection.swift in Sources */,
				10D29B076914906E94CF4F9F /* SettlementRow.swift in Sources */,
				A581F59225CB1CBAC187D195 /* SettlementSummaryView.swift in Sources */,
				781B79591C3ACD33B931FA22 /* SharedShoppingRoomView.swift in Sources */,
				9008271BC62E4D0712F8A29E /* ShoppingListRow.swift in Sources */,
				4E1DFE6EE86B3F0311DE6F84 /* SmartFridgeCoordinator.swift in Sources */,
				E0F0CC873C39445588277267 /* SmartFridgeViewModel.swift in Sources */,
				E446BFBC73042605469FEDC8 /* SmartFridgeWelcomeView.swift in Sources */,
				0EAC46681AC186E16CF5BC4F /* SmartInsightsGrid.swift in Sources */,
				AEB454179DD06C18699123C1 /* SmartSearchInputView.swift in Sources */,
				3222940174A2D5BB4BEFF904 /* SplitCalculationService.swift in Sources */,
				6E34AF5BD1C9C5680E46706D /* StepperRow.swift in Sources */,
				3581364922DE471FD4AF45E2 /* TimelineRow.swift in Sources */,
				C35B4CE5EA29F34EAE47957C /* TopDealCardView.swift in Sources */,
				82E0F63D548A7A67B21CA06D /* Typography.swift in Sources */,
			);
			runOnlyForDeploymentPostprocessing = 0;
		};
/* End PBXSourcesBuildPhase section */

/* Begin XCBuildConfiguration section */
		76ECFF6C267DAF96E228D34C /* Debug */ = {
			isa = XCBuildConfiguration;
			buildSettings = {
				ALWAYS_SEARCH_USER_PATHS = NO;
				CLANG_ANALYZER_NONNULL = YES;
				CLANG_ANALYZER_NUMBER_OBJECT_CONVERSION = YES_AGGRESSIVE;
				CLANG_CXX_LANGUAGE_STANDARD = "gnu++14";
				CLANG_CXX_LIBRARY = "libc++";
				CLANG_ENABLE_MODULES = YES;
				CLANG_ENABLE_OBJC_ARC = YES;
				CLANG_ENABLE_OBJC_WEAK = YES;
				CLANG_WARN_BLOCK_CAPTURE_AUTORELEASING = YES;
				CLANG_WARN_BOOL_CONVERSION = YES;
				CLANG_WARN_COMMA = YES;
				CLANG_WARN_CONSTANT_CONVERSION = YES;
				CLANG_WARN_DEPRECATED_OBJC_IMPLEMENTATIONS = YES;
				CLANG_WARN_DIRECT_OBJC_ISA_USAGE = YES_ERROR;
				CLANG_WARN_DOCUMENTATION_COMMENTS = YES;
				CLANG_WARN_EMPTY_BODY = YES;
				CLANG_WARN_ENUM_CONVERSION = YES;
				CLANG_WARN_INFINITE_RECURSION = YES;
				CLANG_WARN_INT_CONVERSION = YES;
				CLANG_WARN_NON_LITERAL_NULL_CONVERSION = YES;
				CLANG_WARN_OBJC_IMPLICIT_RETAIN_SELF = YES;
				CLANG_WARN_OBJC_LITERAL_CONVERSION = YES;
				CLANG_WARN_OBJC_ROOT_CLASS = YES_ERROR;
				CLANG_WARN_QUOTED_INCLUDE_IN_FRAMEWORK_HEADER = YES;
				CLANG_WARN_RANGE_LOOP_ANALYSIS = YES;
				CLANG_WARN_STRICT_PROTOTYPES = YES;
				CLANG_WARN_SUSPICIOUS_MOVE = YES;
				CLANG_WARN_UNGUARDED_AVAILABILITY = YES_AGGRESSIVE;
				CLANG_WARN_UNREACHABLE_CODE = YES;
				CLANG_WARN__DUPLICATE_METHOD_MATCH = YES;
				COPY_PHASE_STRIP = NO;
				DEBUG_INFORMATION_FORMAT = dwarf;
				ENABLE_STRICT_OBJC_MSGSEND = YES;
				ENABLE_TESTABILITY = YES;
				GCC_C_LANGUAGE_STANDARD = gnu11;
				GCC_DYNAMIC_NO_PIC = NO;
				GCC_NO_COMMON_BLOCKS = YES;
				GCC_OPTIMIZATION_LEVEL = 0;
				GCC_PREPROCESSOR_DEFINITIONS = (
					"$(inherited)",
					"DEBUG=1",
				);
				GCC_WARN_64_TO_32_BIT_CONVERSION = YES;
				GCC_WARN_ABOUT_RETURN_TYPE = YES_ERROR;
				GCC_WARN_UNDECLARED_SELECTOR = YES;
				GCC_WARN_UNINITIALIZED_AUTOS = YES_AGGRESSIVE;
				GCC_WARN_UNUSED_FUNCTION = YES;
				GCC_WARN_UNUSED_VARIABLE = YES;
				IPHONEOS_DEPLOYMENT_TARGET = 17.0;
				MTL_ENABLE_DEBUG_INFO = INCLUDE_SOURCE;
				MTL_FAST_MATH = YES;
				ONLY_ACTIVE_ARCH = YES;
				PRODUCT_NAME = "$(TARGET_NAME)";
				SDKROOT = iphoneos;
				SWIFT_ACTIVE_COMPILATION_CONDITIONS = DEBUG;
				SWIFT_OPTIMIZATION_LEVEL = "-Onone";
				SWIFT_VERSION = 5.0;
			};
			name = Debug;
		};
		AF99CBD649436C063947D18F /* Release */ = {
			isa = XCBuildConfiguration;
			buildSettings = {
				ASSETCATALOG_COMPILER_APPICON_NAME = AppIcon;
				CODE_SIGN_IDENTITY = "iPhone Developer";
				INFOPLIST_FILE = Info.plist;
				LD_RUNPATH_SEARCH_PATHS = (
					"$(inherited)",
					"@executable_path/Frameworks",
				);
				PRODUCT_BUNDLE_IDENTIFIER = com.gather.Gather;
				SDKROOT = iphoneos;
				TARGETED_DEVICE_FAMILY = "1,2";
			};
			name = Release;
		};
		D17BEED53D33B6333B8C535B /* Release */ = {
			isa = XCBuildConfiguration;
			buildSettings = {
				ALWAYS_SEARCH_USER_PATHS = NO;
				CLANG_ANALYZER_NONNULL = YES;
				CLANG_ANALYZER_NUMBER_OBJECT_CONVERSION = YES_AGGRESSIVE;
				CLANG_CXX_LANGUAGE_STANDARD = "gnu++14";
				CLANG_CXX_LIBRARY = "libc++";
				CLANG_ENABLE_MODULES = YES;
				CLANG_ENABLE_OBJC_ARC = YES;
				CLANG_ENABLE_OBJC_WEAK = YES;
				CLANG_WARN_BLOCK_CAPTURE_AUTORELEASING = YES;
				CLANG_WARN_BOOL_CONVERSION = YES;
				CLANG_WARN_COMMA = YES;
				CLANG_WARN_CONSTANT_CONVERSION = YES;
				CLANG_WARN_DEPRECATED_OBJC_IMPLEMENTATIONS = YES;
				CLANG_WARN_DIRECT_OBJC_ISA_USAGE = YES_ERROR;
				CLANG_WARN_DOCUMENTATION_COMMENTS = YES;
				CLANG_WARN_EMPTY_BODY = YES;
				CLANG_WARN_ENUM_CONVERSION = YES;
				CLANG_WARN_INFINITE_RECURSION = YES;
				CLANG_WARN_INT_CONVERSION = YES;
				CLANG_WARN_NON_LITERAL_NULL_CONVERSION = YES;
				CLANG_WARN_OBJC_IMPLICIT_RETAIN_SELF = YES;
				CLANG_WARN_OBJC_LITERAL_CONVERSION = YES;
				CLANG_WARN_OBJC_ROOT_CLASS = YES_ERROR;
				CLANG_WARN_QUOTED_INCLUDE_IN_FRAMEWORK_HEADER = YES;
				CLANG_WARN_RANGE_LOOP_ANALYSIS = YES;
				CLANG_WARN_STRICT_PROTOTYPES = YES;
				CLANG_WARN_SUSPICIOUS_MOVE = YES;
				CLANG_WARN_UNGUARDED_AVAILABILITY = YES_AGGRESSIVE;
				CLANG_WARN_UNREACHABLE_CODE = YES;
				CLANG_WARN__DUPLICATE_METHOD_MATCH = YES;
				COPY_PHASE_STRIP = NO;
				DEBUG_INFORMATION_FORMAT = "dwarf-with-dsym";
				ENABLE_NS_ASSERTIONS = NO;
				ENABLE_STRICT_OBJC_MSGSEND = YES;
				GCC_C_LANGUAGE_STANDARD = gnu11;
				GCC_NO_COMMON_BLOCKS = YES;
				GCC_WARN_64_TO_32_BIT_CONVERSION = YES;
				GCC_WARN_ABOUT_RETURN_TYPE = YES_ERROR;
				GCC_WARN_UNDECLARED_SELECTOR = YES;
				GCC_WARN_UNINITIALIZED_AUTOS = YES_AGGRESSIVE;
				GCC_WARN_UNUSED_FUNCTION = YES;
				GCC_WARN_UNUSED_VARIABLE = YES;
				IPHONEOS_DEPLOYMENT_TARGET = 17.0;
				MTL_ENABLE_DEBUG_INFO = NO;
				MTL_FAST_MATH = YES;
				PRODUCT_NAME = "$(TARGET_NAME)";
				SDKROOT = iphoneos;
				SWIFT_COMPILATION_MODE = wholemodule;
				SWIFT_OPTIMIZATION_LEVEL = "-O";
				SWIFT_VERSION = 5.0;
			};
			name = Release;
		};
		FFD62CFB8D001402924E3555 /* Debug */ = {
			isa = XCBuildConfiguration;
			buildSettings = {
				ASSETCATALOG_COMPILER_APPICON_NAME = AppIcon;
				CODE_SIGN_IDENTITY = "iPhone Developer";
				INFOPLIST_FILE = Info.plist;
				LD_RUNPATH_SEARCH_PATHS = (
					"$(inherited)",
					"@executable_path/Frameworks",
				);
				PRODUCT_BUNDLE_IDENTIFIER = com.gather.Gather;
				SDKROOT = iphoneos;
				TARGETED_DEVICE_FAMILY = "1,2";
			};
			name = Debug;
		};
/* End XCBuildConfiguration section */

/* Begin XCConfigurationList section */
		56D5AE82541758160EA98F5E /* Build configuration list for PBXProject "Gather" */ = {
			isa = XCConfigurationList;
			buildConfigurations = (
				76ECFF6C267DAF96E228D34C /* Debug */,
				D17BEED53D33B6333B8C535B /* Release */,
			);
			defaultConfigurationIsVisible = 0;
			defaultConfigurationName = Debug;
		};
		BBC652582F1321CA4E7F09E5 /* Build configuration list for PBXNativeTarget "Gather" */ = {
			isa = XCConfigurationList;
			buildConfigurations = (
				FFD62CFB8D001402924E3555 /* Debug */,
				AF99CBD649436C063947D18F /* Release */,
			);
			defaultConfigurationIsVisible = 0;
			defaultConfigurationName = Debug;
		};
/* End XCConfigurationList section */
	};
	rootObject = 3E3A7A245B66BC067BBCEE67 /* Project object */;
}
